
Microsoft Visual Studio Solution File, Format Version 12.00
# Visual Studio Version 17
VisualStudioVersion = 17.8.34330.188
MinimumVisualStudioVersion = 10.0.40219.1
Project("{8BC9CEB8-8B4A-11D0-8D11-00A0C91BC942}") = "项目一4", "项目一4.vcxproj", "{A258218F-88BF-4383-A1CB-400A98B0A5BE}"
EndProject
Global
	GlobalSection(SolutionConfigurationPlatforms) = preSolution
		Debug|x64 = Debug|x64
		Debug|x86 = Debug|x86
		Release|x64 = Release|x64
		Release|x86 = Release|x86
	EndGlobalSection
	GlobalSection(ProjectConfigurationPlatforms) = postSolution
		{A258218F-88BF-4383-A1CB-400A98B0A5BE}.Debug|x64.ActiveCfg = Debug|x64
		{A258218F-88BF-4383-A1CB-400A98B0A5BE}.Debug|x64.Build.0 = Debug|x64
		{A258218F-88BF-4383-A1CB-400A98B0A5BE}.Debug|x86.ActiveCfg = Debug|Win32
		{A258218F-88BF-4383-A1CB-400A98B0A5BE}.Debug|x86.Build.0 = Debug|Win32
		{A258218F-88BF-4383-A1CB-400A98B0A5BE}.Release|x64.ActiveCfg = Release|x64
		{A258218F-88BF-4383-A1CB-400A98B0A5BE}.Release|x64.Build.0 = Release|x64
		{A258218F-88BF-4383-A1CB-400A98B0A5BE}.Release|x86.ActiveCfg = Release|Win32
		{A258218F-88BF-4383-A1CB-400A98B0A5BE}.Release|x86.Build.0 = Release|Win32
	EndGlobalSection
	GlobalSection(SolutionProperties) = preSolution
		HideSolutionNode = FALSE
	EndGlobalSection
	GlobalSection(ExtensibilityGlobals) = postSolution
		SolutionGuid = {EA6E57DA-1AE2-45A6-A508-AB837857F196}
	EndGlobalSection
EndGlobal
