
Microsoft Visual Studio Solution File, Format Version 12.00
# Visual Studio Version 17
VisualStudioVersion = 17.8.34330.188
MinimumVisualStudioVersion = 10.0.40219.1
Project("{8BC9CEB8-8B4A-11D0-8D11-00A0C91BC942}") = "项目二2", "项目二2.vcxproj", "{A0CAA5CD-71F5-4643-9FC7-CFCF19804838}"
EndProject
Global
	GlobalSection(SolutionConfigurationPlatforms) = preSolution
		Debug|x64 = Debug|x64
		Debug|x86 = Debug|x86
		Release|x64 = Release|x64
		Release|x86 = Release|x86
	EndGlobalSection
	GlobalSection(ProjectConfigurationPlatforms) = postSolution
		{A0CAA5CD-71F5-4643-9FC7-CFCF19804838}.Debug|x64.ActiveCfg = Debug|x64
		{A0CAA5CD-71F5-4643-9FC7-CFCF19804838}.Debug|x64.Build.0 = Debug|x64
		{A0CAA5CD-71F5-4643-9FC7-CFCF19804838}.Debug|x86.ActiveCfg = Debug|Win32
		{A0CAA5CD-71F5-4643-9FC7-CFCF19804838}.Debug|x86.Build.0 = Debug|Win32
		{A0CAA5CD-71F5-4643-9FC7-CFCF19804838}.Release|x64.ActiveCfg = Release|x64
		{A0CAA5CD-71F5-4643-9FC7-CFCF19804838}.Release|x64.Build.0 = Release|x64
		{A0CAA5CD-71F5-4643-9FC7-CFCF19804838}.Release|x86.ActiveCfg = Release|Win32
		{A0CAA5CD-71F5-4643-9FC7-CFCF19804838}.Release|x86.Build.0 = Release|Win32
	EndGlobalSection
	GlobalSection(SolutionProperties) = preSolution
		HideSolutionNode = FALSE
	EndGlobalSection
	GlobalSection(ExtensibilityGlobals) = postSolution
		SolutionGuid = {78A6E3AA-AB3C-47EE-99B6-5FDCAAE9EDC3}
	EndGlobalSection
EndGlobal
